
Microsoft Visual Studio Solution File, Format Version 12.00
# Visual Studio Version 17
VisualStudioVersion = 17.0.31903.59
MinimumVisualStudioVersion = 10.0.40219.1
Project("{2150E333-8FDC-42A3-9474-1A3956D46DE8}") = "Projects", "Projects", "{A5AF4CCD-C12F-440D-BC44-E156C80A12A2}"
EndProject
Project("{FAE04EC0-301F-11D3-BF4B-00C04F79EFBC}") = "Ticketing.Command", "Projects\Ticketing.Command\Ticketing.Command.csproj", "{5A709783-543B-4DF5-B0F0-926B59CD59AB}"
EndProject
Project("{2150E333-8FDC-42A3-9474-1A3956D46DE8}") = "Common", "Common", "{CAD7C135-9225-4A0E-8885-38E202BDDF63}"
EndProject
Project("{FAE04EC0-301F-11D3-BF4B-00C04F79EFBC}") = "Common.Core", "Common\Common.Core\Common.Core.csproj", "{F3C9A3C7-A57F-4D0A-B1BB-CB7861AA2AAF}"
EndProject
Project("{FAE04EC0-301F-11D3-BF4B-00C04F79EFBC}") = "Ticketing.Query", "Projects\Ticketing.Query\Ticketing.Query.csproj", "{8AD1735F-D2BA-4201-8B0A-A8B882E4E4CA}"
EndProject
Project("{2150E333-8FDC-42A3-9474-1A3956D46DE8}") = "Tests", "Tests", "{02EA681E-C7D8-13C7-8484-4AC65E1B71E8}"
EndProject
Project("{FAE04EC0-301F-11D3-BF4B-00C04F79EFBC}") = "Microservices.Ticketing.Command.UnitTests", "Microservices.Ticketing.Command.UnitTests\Microservices.Ticketing.Command.UnitTests.csproj", "{DB716AE1-D71D-4258-9732-4A75DB95D567}"
EndProject
Global
	GlobalSection(SolutionConfigurationPlatforms) = preSolution
		Debug|Any CPU = Debug|Any CPU
		Release|Any CPU = Release|Any CPU
	EndGlobalSection
	GlobalSection(ProjectConfigurationPlatforms) = postSolution
		{5A709783-543B-4DF5-B0F0-926B59CD59AB}.Debug|Any CPU.ActiveCfg = Debug|Any CPU
		{5A709783-543B-4DF5-B0F0-926B59CD59AB}.Debug|Any CPU.Build.0 = Debug|Any CPU
		{5A709783-543B-4DF5-B0F0-926B59CD59AB}.Release|Any CPU.ActiveCfg = Release|Any CPU
		{5A709783-543B-4DF5-B0F0-926B59CD59AB}.Release|Any CPU.Build.0 = Release|Any CPU
		{F3C9A3C7-A57F-4D0A-B1BB-CB7861AA2AAF}.Debug|Any CPU.ActiveCfg = Debug|Any CPU
		{F3C9A3C7-A57F-4D0A-B1BB-CB7861AA2AAF}.Debug|Any CPU.Build.0 = Debug|Any CPU
		{F3C9A3C7-A57F-4D0A-B1BB-CB7861AA2AAF}.Release|Any CPU.ActiveCfg = Release|Any CPU
		{F3C9A3C7-A57F-4D0A-B1BB-CB7861AA2AAF}.Release|Any CPU.Build.0 = Release|Any CPU
		{8AD1735F-D2BA-4201-8B0A-A8B882E4E4CA}.Debug|Any CPU.ActiveCfg = Debug|Any CPU
		{8AD1735F-D2BA-4201-8B0A-A8B882E4E4CA}.Debug|Any CPU.Build.0 = Debug|Any CPU
		{8AD1735F-D2BA-4201-8B0A-A8B882E4E4CA}.Release|Any CPU.ActiveCfg = Release|Any CPU
		{8AD1735F-D2BA-4201-8B0A-A8B882E4E4CA}.Release|Any CPU.Build.0 = Release|Any CPU
		{DB716AE1-D71D-4258-9732-4A75DB95D567}.Debug|Any CPU.ActiveCfg = Debug|Any CPU
		{DB716AE1-D71D-4258-9732-4A75DB95D567}.Debug|Any CPU.Build.0 = Debug|Any CPU
		{DB716AE1-D71D-4258-9732-4A75DB95D567}.Release|Any CPU.ActiveCfg = Release|Any CPU
		{DB716AE1-D71D-4258-9732-4A75DB95D567}.Release|Any CPU.Build.0 = Release|Any CPU
	EndGlobalSection
	GlobalSection(SolutionProperties) = preSolution
		HideSolutionNode = FALSE
	EndGlobalSection
	GlobalSection(NestedProjects) = preSolution
		{5A709783-543B-4DF5-B0F0-926B59CD59AB} = {A5AF4CCD-C12F-440D-BC44-E156C80A12A2}
		{F3C9A3C7-A57F-4D0A-B1BB-CB7861AA2AAF} = {CAD7C135-9225-4A0E-8885-38E202BDDF63}
		{8AD1735F-D2BA-4201-8B0A-A8B882E4E4CA} = {A5AF4CCD-C12F-440D-BC44-E156C80A12A2}
		{DB716AE1-D71D-4258-9732-4A75DB95D567} = {02EA681E-C7D8-13C7-8484-4AC65E1B71E8}
	EndGlobalSection
	GlobalSection(ExtensibilityGlobals) = postSolution
		SolutionGuid = {0D7CA754-F615-42CE-A02B-6BEBB04183D3}
	EndGlobalSection
EndGlobal
